
Microsoft Visual Studio Solution File, Format Version 12.00
# Visual Studio Version 17
VisualStudioVersion = 17.12.35527.113 d17.12
MinimumVisualStudioVersion = 10.0.40219.1
Project("{FAE04EC0-301F-11D3-BF4B-00C04F79EFBC}") = "Drawbridge_Simulator", "Drawbridge_Simulator.csproj", "{4E11C6E9-C16D-4E48-A647-57C5AD14813E}"
EndProject
Global
	GlobalSection(SolutionConfigurationPlatforms) = preSolution
		Debug|Any CPU = Debug|Any CPU
		Release|Any CPU = Release|Any CPU
	EndGlobalSection
	GlobalSection(ProjectConfigurationPlatforms) = postSolution
		{4E11C6E9-C16D-4E48-A647-57C5AD14813E}.Debug|Any CPU.ActiveCfg = Debug|Any CPU
		{4E11C6E9-C16D-4E48-A647-57C5AD14813E}.Debug|Any CPU.Build.0 = Debug|Any CPU
		{4E11C6E9-C16D-4E48-A647-57C5AD14813E}.Release|Any CPU.ActiveCfg = Release|Any CPU
		{4E11C6E9-C16D-4E48-A647-57C5AD14813E}.Release|Any CPU.Build.0 = Release|Any CPU
	EndGlobalSection
	GlobalSection(SolutionProperties) = preSolution
		HideSolutionNode = FALSE
	EndGlobalSection
EndGlobal
